
Microsoft Visual Studio Solution File, Format Version 12.00
# Visual Studio Version 17
VisualStudioVersion = 17.9.34723.18
MinimumVisualStudioVersion = 10.0.40219.1
Project("{9A19103F-16F7-4668-BE54-9A1E7A4F7556}") = "FunctionInsertarDB", "FunctionInsertarDB.csproj", "{BC769880-E086-4369-88BE-4CC37E47BB6F}"
EndProject
Global
	GlobalSection(SolutionConfigurationPlatforms) = preSolution
		Debug|Any CPU = Debug|Any CPU
		Release|Any CPU = Release|Any CPU
	EndGlobalSection
	GlobalSection(ProjectConfigurationPlatforms) = postSolution
		{BC769880-E086-4369-88BE-4CC37E47BB6F}.Debug|Any CPU.ActiveCfg = Debug|Any CPU
		{BC769880-E086-4369-88BE-4CC37E47BB6F}.Debug|Any CPU.Build.0 = Debug|Any CPU
		{BC769880-E086-4369-88BE-4CC37E47BB6F}.Release|Any CPU.ActiveCfg = Release|Any CPU
		{BC769880-E086-4369-88BE-4CC37E47BB6F}.Release|Any CPU.Build.0 = Release|Any CPU
	EndGlobalSection
	GlobalSection(SolutionProperties) = preSolution
		HideSolutionNode = FALSE
	EndGlobalSection
	GlobalSection(ExtensibilityGlobals) = postSolution
		SolutionGuid = {50150676-B8CB-4505-9939-BA83FCC4C086}
	EndGlobalSection
EndGlobal
